
Microsoft Visual Studio Solution File, Format Version 12.00
# Visual Studio Version 17
VisualStudioVersion = 17.0.31903.59
MinimumVisualStudioVersion = 10.0.40219.1
Project("{FAE04EC0-301F-11D3-BF4B-00C04F79EFBC}") = "dotnetapp", "dotnetapp.csproj", "{5ACDC0B2-B503-45AB-AFAD-317CEC5D6B78}"
EndProject
Project("{FAE04EC0-301F-11D3-BF4B-00C04F79EFBC}") = "TestProject", "..\TestProject\TestProject.csproj", "{96737C95-A89F-430B-8A70-0A1131EEC602}"
EndProject
Global
	GlobalSection(SolutionConfigurationPlatforms) = preSolution
		Debug|Any CPU = Debug|Any CPU
		Release|Any CPU = Release|Any CPU
	EndGlobalSection
	GlobalSection(SolutionProperties) = preSolution
		HideSolutionNode = FALSE
	EndGlobalSection
	GlobalSection(ProjectConfigurationPlatforms) = postSolution
		{5ACDC0B2-B503-45AB-AFAD-317CEC5D6B78}.Debug|Any CPU.ActiveCfg = Debug|Any CPU
		{5ACDC0B2-B503-45AB-AFAD-317CEC5D6B78}.Debug|Any CPU.Build.0 = Debug|Any CPU
		{5ACDC0B2-B503-45AB-AFAD-317CEC5D6B78}.Release|Any CPU.ActiveCfg = Release|Any CPU
		{5ACDC0B2-B503-45AB-AFAD-317CEC5D6B78}.Release|Any CPU.Build.0 = Release|Any CPU
		{96737C95-A89F-430B-8A70-0A1131EEC602}.Debug|Any CPU.ActiveCfg = Debug|Any CPU
		{96737C95-A89F-430B-8A70-0A1131EEC602}.Debug|Any CPU.Build.0 = Debug|Any CPU
		{96737C95-A89F-430B-8A70-0A1131EEC602}.Release|Any CPU.ActiveCfg = Release|Any CPU
		{96737C95-A89F-430B-8A70-0A1131EEC602}.Release|Any CPU.Build.0 = Release|Any CPU
	EndGlobalSection
EndGlobal
